
Microsoft Visual Studio Solution File, Format Version 12.00
# Visual Studio Version 16
VisualStudioVersion = 16.0.29306.81
MinimumVisualStudioVersion = 10.0.40219.1
Project("{FAE04EC0-301F-11D3-BF4B-00C04F79EFBC}") = "Sudoku.Data", "Sudoku.Data\Sudoku.Data.csproj", "{D7005282-3572-4CB3-9CB2-6B42DD6B26EE}"
EndProject
Project("{FAE04EC0-301F-11D3-BF4B-00C04F79EFBC}") = "Sudoku", "Sudoku\Sudoku.csproj", "{DD9C65F9-2E10-456A-B1FD-A5286A10535D}"
EndProject
Project("{FAE04EC0-301F-11D3-BF4B-00C04F79EFBC}") = "SudokuCLI", "SudokuCLI\SudokuCLI.csproj", "{EB056344-32E8-4232-ABB3-CD10507E47C3}"
EndProject
Project("{FAE04EC0-301F-11D3-BF4B-00C04F79EFBC}") = "Sudoku.Test", "Sudoku.Test\Sudoku.Test.csproj", "{FD07E4D8-811D-4420-B830-6188AC45248F}"
EndProject
Global
	GlobalSection(SolutionConfigurationPlatforms) = preSolution
		Debug|Any CPU = Debug|Any CPU
		Release|Any CPU = Release|Any CPU
	EndGlobalSection
	GlobalSection(ProjectConfigurationPlatforms) = postSolution
		{D7005282-3572-4CB3-9CB2-6B42DD6B26EE}.Debug|Any CPU.ActiveCfg = Debug|Any CPU
		{D7005282-3572-4CB3-9CB2-6B42DD6B26EE}.Debug|Any CPU.Build.0 = Debug|Any CPU
		{D7005282-3572-4CB3-9CB2-6B42DD6B26EE}.Release|Any CPU.ActiveCfg = Release|Any CPU
		{D7005282-3572-4CB3-9CB2-6B42DD6B26EE}.Release|Any CPU.Build.0 = Release|Any CPU
		{DD9C65F9-2E10-456A-B1FD-A5286A10535D}.Debug|Any CPU.ActiveCfg = Debug|Any CPU
		{DD9C65F9-2E10-456A-B1FD-A5286A10535D}.Debug|Any CPU.Build.0 = Debug|Any CPU
		{DD9C65F9-2E10-456A-B1FD-A5286A10535D}.Release|Any CPU.ActiveCfg = Release|Any CPU
		{DD9C65F9-2E10-456A-B1FD-A5286A10535D}.Release|Any CPU.Build.0 = Release|Any CPU
		{EB056344-32E8-4232-ABB3-CD10507E47C3}.Debug|Any CPU.ActiveCfg = Debug|Any CPU
		{EB056344-32E8-4232-ABB3-CD10507E47C3}.Debug|Any CPU.Build.0 = Debug|Any CPU
		{EB056344-32E8-4232-ABB3-CD10507E47C3}.Release|Any CPU.ActiveCfg = Release|Any CPU
		{EB056344-32E8-4232-ABB3-CD10507E47C3}.Release|Any CPU.Build.0 = Release|Any CPU
		{FD07E4D8-811D-4420-B830-6188AC45248F}.Debug|Any CPU.ActiveCfg = Debug|Any CPU
		{FD07E4D8-811D-4420-B830-6188AC45248F}.Debug|Any CPU.Build.0 = Debug|Any CPU
		{FD07E4D8-811D-4420-B830-6188AC45248F}.Release|Any CPU.ActiveCfg = Release|Any CPU
		{FD07E4D8-811D-4420-B830-6188AC45248F}.Release|Any CPU.Build.0 = Release|Any CPU
	EndGlobalSection
	GlobalSection(SolutionProperties) = preSolution
		HideSolutionNode = FALSE
	EndGlobalSection
	GlobalSection(ExtensibilityGlobals) = postSolution
		SolutionGuid = {B5630BE5-FEF1-4C6B-B05C-D9DC23FACD86}
	EndGlobalSection
EndGlobal
